
Microsoft Visual Studio Solution File, Format Version 12.00
# Visual Studio Version 16
VisualStudioVersion = 16.0.31702.278
MinimumVisualStudioVersion = 10.0.40219.1
Project("{9A19103F-16F7-4668-BE54-9A1E7A4F7556}") = "GamerSupps", "..\Documents\My Games\Terraria\ModLoader\Mod Sources\GamerSupps\GamerSupps.csproj", "{C8067A68-6624-4AC4-ABF8-7878B955C014}"
EndProject
Global
	GlobalSection(SolutionConfigurationPlatforms) = preSolution
		Debug|Any CPU = Debug|Any CPU
		Release|Any CPU = Release|Any CPU
	EndGlobalSection
	GlobalSection(ProjectConfigurationPlatforms) = postSolution
		{C8067A68-6624-4AC4-ABF8-7878B955C014}.Debug|Any CPU.ActiveCfg = Debug|Any CPU
		{C8067A68-6624-4AC4-ABF8-7878B955C014}.Debug|Any CPU.Build.0 = Debug|Any CPU
		{C8067A68-6624-4AC4-ABF8-7878B955C014}.Release|Any CPU.ActiveCfg = Release|Any CPU
		{C8067A68-6624-4AC4-ABF8-7878B955C014}.Release|Any CPU.Build.0 = Release|Any CPU
	EndGlobalSection
	GlobalSection(SolutionProperties) = preSolution
		HideSolutionNode = FALSE
	EndGlobalSection
	GlobalSection(ExtensibilityGlobals) = postSolution
		SolutionGuid = {B12FD75A-17B0-404A-BCC8-3BF6F721AEFC}
	EndGlobalSection
EndGlobal
